<Solution>
  <Folder Name="/src/">
    <Project Path="src/SharpDeps.Analysis.Contracts/SharpDeps.Analysis.Contracts.csproj" />
    <Project Path="src/SharpDeps.Analysis.Core/SharpDeps.Analysis.Core.csproj" />
    <Project Path="src/SharpDeps.Analysis.Quick/SharpDeps.Analysis.Quick.csproj" />
    <Project Path="src/SharpDeps.Analysis.Roslyn/SharpDeps.Analysis.Roslyn.csproj" />
    <Project Path="src/SharpDeps.QuickHost/SharpDeps.QuickHost.csproj" />
    <Project Path="src/SharpDeps.SemanticHost/SharpDeps.SemanticHost.csproj" />
    <Project Path="src/SharpDeps.Index/SharpDeps.Index.csproj" />
    <Project Path="src/SharpDeps.Query/SharpDeps.Query.csproj" />
    <Project Path="src/SharpDeps.Cli/SharpDeps.Cli.csproj" />
    <Project Path="src/SharpDeps.QueryHost/SharpDeps.QueryHost.csproj" />
  </Folder>
  <Folder Name="/tests/">
    <Project Path="tests/SharpDeps.Analysis.Tests/SharpDeps.Analysis.Tests.csproj" />
    <Project Path="tests/SharpDeps.Index.Tests/SharpDeps.Index.Tests.csproj" />
    <Project Path="tests/SharpDeps.Index.Tests/WriterLockProbe/WriterLockProbe.csproj" />
    <Project Path="tests/SharpDeps.Query.Tests/SharpDeps.Query.Tests.csproj" />
    <Project Path="tests/SharpDeps.Cli.Tests/SharpDeps.Cli.Tests.csproj" />
  </Folder>
</Solution>
